<?xml version="1.0" encoding="utf-8"?>
<Project ToolsVersion="4.0" xmlns="http://schemas.microsoft.com/developer/msbuild/2003">
  <ItemGroup>
    <Filter Include="source">
      <UniqueIdentifier>{f2db7bbc-a3c8-4585-9c09-ca5c02425434}</UniqueIdentifier>
      <Extensions>cpp;c;cxx;def;odl;idl;hpj;bat;asm</Extensions>
    </Filter>
    <Filter Include="include">
      <UniqueIdentifier>{2e10d846-2f17-4b27-bd61-2cbc12d7ff55}</UniqueIdentifier>
      <Extensions>h;hpp;hxx;hm;inl;inc</Extensions>
    </Filter>
    <Filter Include="resource">
      <UniqueIdentifier>{48d57ec4-c405-45b1-9a7e-ee8c81772cd1}</UniqueIdentifier>
      <Extensions>rc;ico;cur;bmp;dlg;rc2;rct;bin;rgs;jpg;jpeg;jpe;png;manifest</Extensions>
    </Filter>
  </ItemGroup>
  <ItemGroup>
    <Image Include="res\BirdFly.ico">
      <Filter>resource</Filter>
    </Image>
    <Image Include="..\Resources\CloseSelected.png">
      <Filter>resource</Filter>
    </Image>
    <Image Include="..\Resources\CloseNormal.png">
      <Filter>resource</Filter>
    </Image>
    <Image Include="..\Resources\HelloWorld.png">
      <Filter>resource</Filter>
    </Image>
    <Image Include="..\Resources\bird.png">
      <Filter>resource</Filter>
    </Image>
  </ItemGroup>
  <ItemGroup>
    <ResourceCompile Include="BirdFly.rc">
      <Filter>resource</Filter>
    </ResourceCompile>
  </ItemGroup>
  <ItemGroup>
    <ClInclude Include="resource.h">
      <Filter>include</Filter>
    </ClInclude>
    <ClInclude Include="main.h">
      <Filter>include</Filter>
    </ClInclude>
    <ClInclude Include="..\Classes\AppDelegate.h">
      <Filter>include</Filter>
    </ClInclude>
    <ClInclude Include="..\Classes\HelloWorldScene.h">
      <Filter>include</Filter>
    </ClInclude>
    <ClInclude Include="..\Classes\MainLayer.h">
      <Filter>include</Filter>
    </ClInclude>
    <ClInclude Include="..\Classes\GameMenu.h">
      <Filter>include</Filter>
    </ClInclude>
    <ClInclude Include="..\Classes\Levels.h">
      <Filter>include</Filter>
    </ClInclude>
    <ClInclude Include="..\Classes\Level1.h">
      <Filter>include</Filter>
    </ClInclude>
    <ClInclude Include="LineLayer.h">
      <Filter>include</Filter>
    </ClInclude>
    <ClInclude Include="..\Classes\Level2.h">
      <Filter>include</Filter>
    </ClInclude>
    <ClInclude Include="..\Classes\Level3.h">
      <Filter>include</Filter>
    </ClInclude>
    <ClInclude Include="..\Classes\Level4.h">
      <Filter>include</Filter>
    </ClInclude>
    <ClInclude Include="..\Classes\Level5.h">
      <Filter>include</Filter>
    </ClInclude>
  </ItemGroup>
  <ItemGroup>
    <ClCompile Include="main.cpp">
      <Filter>source</Filter>
    </ClCompile>
    <ClCompile Include="..\Classes\AppDelegate.cpp">
      <Filter>source</Filter>
    </ClCompile>
    <ClCompile Include="..\Classes\HelloWorldScene.cpp">
      <Filter>source</Filter>
    </ClCompile>
    <ClCompile Include="..\Classes\MainLayer.cpp">
      <Filter>source</Filter>
    </ClCompile>
    <ClCompile Include="..\Classes\GameMenu.cpp">
      <Filter>source</Filter>
    </ClCompile>
    <ClCompile Include="..\Classes\Levels.cpp">
      <Filter>source</Filter>
    </ClCompile>
    <ClCompile Include="..\Classes\Level1.cpp">
      <Filter>source</Filter>
    </ClCompile>
    <ClCompile Include="LineLayer.cpp">
      <Filter>source</Filter>
    </ClCompile>
    <ClCompile Include="..\Classes\Level2.cpp">
      <Filter>source</Filter>
    </ClCompile>
    <ClCompile Include="..\Classes\Level3.cpp">
      <Filter>source</Filter>
    </ClCompile>
    <ClCompile Include="..\Classes\Level4.cpp">
      <Filter>source</Filter>
    </ClCompile>
    <ClCompile Include="..\Classes\Level5.cpp">
      <Filter>source</Filter>
    </ClCompile>
  </ItemGroup>
  <ItemGroup>
    <None Include="..\Resources\Main.ccbi">
      <Filter>resource</Filter>
    </None>
    <None Include="..\Resources\Levels.ccbi">
      <Filter>resource</Filter>
    </None>
    <None Include="..\Resources\Level1.ccbi">
      <Filter>resource</Filter>
    </None>
    <None Include="..\Resources\Level2.ccbi">
      <Filter>resource</Filter>
    </None>
    <None Include="..\Resources\Level3.ccbi">
      <Filter>resource</Filter>
    </None>
    <None Include="..\Resources\Level4.ccbi">
      <Filter>resource</Filter>
    </None>
    <None Include="..\Resources\Level5.ccbi">
      <Filter>resource</Filter>
    </None>
    <None Include="..\Resources\Main1.ccbi">
      <Filter>resource</Filter>
    </None>
    <None Include="..\Resources\Level11.ccbi">
      <Filter>resource</Filter>
    </None>
    <None Include="..\Resources\Level31.ccbi">
      <Filter>resource</Filter>
    </None>
    <None Include="..\Resources\Level21.ccbi">
      <Filter>resource</Filter>
    </None>
    <None Include="..\Resources\Level41.ccbi">
      <Filter>resource</Filter>
    </None>
    <None Include="..\Resources\Level51.ccbi">
      <Filter>resource</Filter>
    </None>
    <None Include="..\Resources\Levels1.ccbi">
      <Filter>resource</Filter>
    </None>
  </ItemGroup>
</Project>